
Microsoft Visual Studio Solution File, Format Version 12.00
# Visual Studio Version 16
VisualStudioVersion = 16.0.31605.320
MinimumVisualStudioVersion = 10.0.40219.1
Project("{9A19103F-16F7-4668-BE54-9A1E7A4F7556}") = "WebUI.AcceptanceTests", "WebUI.AcceptanceTests\WebUI.AcceptanceTests.csproj", "{3C509CB3-FD75-4034-8FA9-60F483B0708E}"
EndProject
Project("{9A19103F-16F7-4668-BE54-9A1E7A4F7556}") = "WebUI.Domain", "WebUI.Domain\WebUI.Domain.csproj", "{1A1DF6CF-E0CE-4389-AA9E-001C346B1491}"
EndProject
Project("{9A19103F-16F7-4668-BE54-9A1E7A4F7556}") = "WebUI.Automation", "WebUI.Automation\WebUI.Automation.csproj", "{1499B4AF-1C46-4044-9872-35CDA43680E2}"
EndProject
Global
	GlobalSection(SolutionConfigurationPlatforms) = preSolution
		Debug|Any CPU = Debug|Any CPU
		Release|Any CPU = Release|Any CPU
	EndGlobalSection
	GlobalSection(ProjectConfigurationPlatforms) = postSolution
		{3C509CB3-FD75-4034-8FA9-60F483B0708E}.Debug|Any CPU.ActiveCfg = Debug|Any CPU
		{3C509CB3-FD75-4034-8FA9-60F483B0708E}.Debug|Any CPU.Build.0 = Debug|Any CPU
		{3C509CB3-FD75-4034-8FA9-60F483B0708E}.Release|Any CPU.ActiveCfg = Release|Any CPU
		{3C509CB3-FD75-4034-8FA9-60F483B0708E}.Release|Any CPU.Build.0 = Release|Any CPU
		{1A1DF6CF-E0CE-4389-AA9E-001C346B1491}.Debug|Any CPU.ActiveCfg = Debug|Any CPU
		{1A1DF6CF-E0CE-4389-AA9E-001C346B1491}.Debug|Any CPU.Build.0 = Debug|Any CPU
		{1A1DF6CF-E0CE-4389-AA9E-001C346B1491}.Release|Any CPU.ActiveCfg = Release|Any CPU
		{1A1DF6CF-E0CE-4389-AA9E-001C346B1491}.Release|Any CPU.Build.0 = Release|Any CPU
		{1499B4AF-1C46-4044-9872-35CDA43680E2}.Debug|Any CPU.ActiveCfg = Debug|Any CPU
		{1499B4AF-1C46-4044-9872-35CDA43680E2}.Debug|Any CPU.Build.0 = Debug|Any CPU
		{1499B4AF-1C46-4044-9872-35CDA43680E2}.Release|Any CPU.ActiveCfg = Release|Any CPU
		{1499B4AF-1C46-4044-9872-35CDA43680E2}.Release|Any CPU.Build.0 = Release|Any CPU
	EndGlobalSection
	GlobalSection(SolutionProperties) = preSolution
		HideSolutionNode = FALSE
	EndGlobalSection
	GlobalSection(ExtensibilityGlobals) = postSolution
		SolutionGuid = {94CC2A2C-10C9-420A-9745-7303A3901D0F}
	EndGlobalSection
EndGlobal
